
Microsoft Visual Studio Solution File, Format Version 12.00
# Visual Studio 2012
Project("{FAE04EC0-301F-11D3-BF4B-00C04F79EFBC}") = "RiemersTutorials.DirectX.CSharp.Terrain.2.LinkingToDevice", "RiemersTutorials.DirectX.CSharp.Terrain.LinkingToDevice\RiemersTutorials.DirectX.CSharp.Terrain.2.LinkingToDevice.csproj", "{EB0D54ED-E703-4501-843B-B291D3E15E25}"
EndProject
Project("{FAE04EC0-301F-11D3-BF4B-00C04F79EFBC}") = "RiemersTutorials.DirectX.CSharp.Terrain.1.OpeningAWindow", "RiemersTutorials.DirectX.CSharp.Terrain.OpeningAWindow\RiemersTutorials.DirectX.CSharp.Terrain.1.OpeningAWindow.csproj", "{D26330FD-706A-4BED-9949-FCE4E8C93C73}"
EndProject
Project("{FAE04EC0-301F-11D3-BF4B-00C04F79EFBC}") = "RiemersTutorials.DirectX.CSharp.Terrain.3.DrawingATriangle", "RiemersTutorials.DirectX.CSharp.Terrain.DrawingATriangle\RiemersTutorials.DirectX.CSharp.Terrain.3.DrawingATriangle.csproj", "{A784500E-221B-4AC4-B891-CC86D953FD32}"
EndProject
Project("{FAE04EC0-301F-11D3-BF4B-00C04F79EFBC}") = "RiemersTutorials.DirectX.CSharp.Terrain.4.Camera", "RiemersTutorials.DirectX.CSharp.Terrain.Camera\RiemersTutorials.DirectX.CSharp.Terrain.4.Camera.csproj", "{D1BB007B-C924-4D8C-8934-1CC037165FBF}"
EndProject
Project("{FAE04EC0-301F-11D3-BF4B-00C04F79EFBC}") = "RiemersTutorials.DirectX.CSharp.Terrain.5.RotationAndTranslation", "RiemersTutorials.DirectX.CSharp.Terrain.RotationAndTranslation\RiemersTutorials.DirectX.CSharp.Terrain.5.RotationAndTranslation.csproj", "{EE217FFD-8283-41E5-AEDA-5E9577C68414}"
EndProject
Global
	GlobalSection(SolutionConfigurationPlatforms) = preSolution
		Debug|Any CPU = Debug|Any CPU
		Release|Any CPU = Release|Any CPU
	EndGlobalSection
	GlobalSection(ProjectConfigurationPlatforms) = postSolution
		{EB0D54ED-E703-4501-843B-B291D3E15E25}.Debug|Any CPU.ActiveCfg = Debug|Any CPU
		{EB0D54ED-E703-4501-843B-B291D3E15E25}.Debug|Any CPU.Build.0 = Debug|Any CPU
		{EB0D54ED-E703-4501-843B-B291D3E15E25}.Release|Any CPU.ActiveCfg = Release|Any CPU
		{EB0D54ED-E703-4501-843B-B291D3E15E25}.Release|Any CPU.Build.0 = Release|Any CPU
		{D26330FD-706A-4BED-9949-FCE4E8C93C73}.Debug|Any CPU.ActiveCfg = Debug|Any CPU
		{D26330FD-706A-4BED-9949-FCE4E8C93C73}.Debug|Any CPU.Build.0 = Debug|Any CPU
		{D26330FD-706A-4BED-9949-FCE4E8C93C73}.Release|Any CPU.ActiveCfg = Release|Any CPU
		{D26330FD-706A-4BED-9949-FCE4E8C93C73}.Release|Any CPU.Build.0 = Release|Any CPU
		{A784500E-221B-4AC4-B891-CC86D953FD32}.Debug|Any CPU.ActiveCfg = Debug|Any CPU
		{A784500E-221B-4AC4-B891-CC86D953FD32}.Debug|Any CPU.Build.0 = Debug|Any CPU
		{A784500E-221B-4AC4-B891-CC86D953FD32}.Release|Any CPU.ActiveCfg = Release|Any CPU
		{A784500E-221B-4AC4-B891-CC86D953FD32}.Release|Any CPU.Build.0 = Release|Any CPU
		{D1BB007B-C924-4D8C-8934-1CC037165FBF}.Debug|Any CPU.ActiveCfg = Debug|Any CPU
		{D1BB007B-C924-4D8C-8934-1CC037165FBF}.Debug|Any CPU.Build.0 = Debug|Any CPU
		{D1BB007B-C924-4D8C-8934-1CC037165FBF}.Release|Any CPU.ActiveCfg = Release|Any CPU
		{D1BB007B-C924-4D8C-8934-1CC037165FBF}.Release|Any CPU.Build.0 = Release|Any CPU
		{EE217FFD-8283-41E5-AEDA-5E9577C68414}.Debug|Any CPU.ActiveCfg = Debug|Any CPU
		{EE217FFD-8283-41E5-AEDA-5E9577C68414}.Debug|Any CPU.Build.0 = Debug|Any CPU
		{EE217FFD-8283-41E5-AEDA-5E9577C68414}.Release|Any CPU.ActiveCfg = Release|Any CPU
		{EE217FFD-8283-41E5-AEDA-5E9577C68414}.Release|Any CPU.Build.0 = Release|Any CPU
	EndGlobalSection
	GlobalSection(SolutionProperties) = preSolution
		HideSolutionNode = FALSE
	EndGlobalSection
EndGlobal
